// !$*UTF8*$!
{
	archiveVersion = 1;
	classes = {
	};
	objectVersion = 50;
	objects = {

/* Begin PBXBuildFile section */
		273C92D420FFE7240050CB74 /* PartnersPostData.swift in Sources */ = {isa = PBXBuildFile; fileRef = 273C92D320FFE7240050CB74 /* PartnersPostData.swift */; };
		27422B6B20FDE66A008579A4 /* ConversationRoomInfoPostData.swift in Sources */ = {isa = PBXBuildFile; fileRef = 27422B6A20FDE66A008579A4 /* ConversationRoomInfoPostData.swift */; };
		27422B7420FDEAF7008579A4 /* ConversationRoom.swift in Sources */ = {isa = PBXBuildFile; fileRef = 27422B7320FDEAF6008579A4 /* ConversationRoom.swift */; };
		27422B7620FDEAFD008579A4 /* ChatMessage.swift in Sources */ = {isa = PBXBuildFile; fileRef = 27422B7520FDEAFD008579A4 /* ChatMessage.swift */; };
		27422B7820FDF057008579A4 /* ConversationRoomPostData.swift in Sources */ = {isa = PBXBuildFile; fileRef = 27422B7720FDF057008579A4 /* ConversationRoomPostData.swift */; };
		27422B7A20FE03F4008579A4 /* MessagePostData.swift in Sources */ = {isa = PBXBuildFile; fileRef = 27422B7920FE03F4008579A4 /* MessagePostData.swift */; };
		27422B7D20FE253E008579A4 /* News.swift in Sources */ = {isa = PBXBuildFile; fileRef = 27422B7C20FE253E008579A4 /* News.swift */; };
		27422B7F20FE2BEA008579A4 /* NewsList.swift in Sources */ = {isa = PBXBuildFile; fileRef = 27422B7E20FE2BEA008579A4 /* NewsList.swift */; };
		27422B8120FE2C9C008579A4 /* NewsPostData.swift in Sources */ = {isa = PBXBuildFile; fileRef = 27422B8020FE2C9C008579A4 /* NewsPostData.swift */; };
		2745DF5E21008F2A00E3ECCB /* ChangeUserProdilePostData.swift in Sources */ = {isa = PBXBuildFile; fileRef = 2745DF5D21008F2A00E3ECCB /* ChangeUserProdilePostData.swift */; };
		2745DF602100904A00E3ECCB /* AuthorizationPostData.swift in Sources */ = {isa = PBXBuildFile; fileRef = 2745DF5F2100904A00E3ECCB /* AuthorizationPostData.swift */; };
		2745DF6221009AC100E3ECCB /* Contact.swift in Sources */ = {isa = PBXBuildFile; fileRef = 2745DF6121009AC100E3ECCB /* Contact.swift */; };
		2745DF6421009D7A00E3ECCB /* ContactList.swift in Sources */ = {isa = PBXBuildFile; fileRef = 2745DF6321009D7A00E3ECCB /* ContactList.swift */; };
		2745DF662100C09900E3ECCB /* GetContactsPostData.swift in Sources */ = {isa = PBXBuildFile; fileRef = 2745DF652100C09900E3ECCB /* GetContactsPostData.swift */; };
		2747E5F320FAA21B000814C7 /* GalleryItem.swift in Sources */ = {isa = PBXBuildFile; fileRef = 2747E5F220FAA21B000814C7 /* GalleryItem.swift */; };
		2747E5F520FAA6D4000814C7 /* Gallery.swift in Sources */ = {isa = PBXBuildFile; fileRef = 2747E5F420FAA6D4000814C7 /* Gallery.swift */; };
		2747E5F720FAA745000814C7 /* GalleryPostData.swift in Sources */ = {isa = PBXBuildFile; fileRef = 2747E5F620FAA745000814C7 /* GalleryPostData.swift */; };
		2774459E20F89103004E5F2C /* NetworkController.swift in Sources */ = {isa = PBXBuildFile; fileRef = 2774459A20F89102004E5F2C /* NetworkController.swift */; };
		2774459F20F89103004E5F2C /* RequestController.swift in Sources */ = {isa = PBXBuildFile; fileRef = 2774459B20F89102004E5F2C /* RequestController.swift */; };
		277445A020F89103004E5F2C /* NetworkProtocols.swift in Sources */ = {isa = PBXBuildFile; fileRef = 2774459C20F89102004E5F2C /* NetworkProtocols.swift */; };
		277445A120F89103004E5F2C /* APIPaths.swift in Sources */ = {isa = PBXBuildFile; fileRef = 2774459D20F89102004E5F2C /* APIPaths.swift */; };
		277445A520F8923F004E5F2C /* LoginPostData.swift in Sources */ = {isa = PBXBuildFile; fileRef = 277445A420F8923F004E5F2C /* LoginPostData.swift */; };
		277445A720F8933C004E5F2C /* QueryItemNames.swift in Sources */ = {isa = PBXBuildFile; fileRef = 277445A620F8933C004E5F2C /* QueryItemNames.swift */; };
		277445A920F8952F004E5F2C /* Authorization.swift in Sources */ = {isa = PBXBuildFile; fileRef = 277445A820F8952F004E5F2C /* Authorization.swift */; };
		277445AB20F89542004E5F2C /* Protocols.swift in Sources */ = {isa = PBXBuildFile; fileRef = 277445AA20F89542004E5F2C /* Protocols.swift */; };
		277445AD20F8B7BE004E5F2C /* Error.swift in Sources */ = {isa = PBXBuildFile; fileRef = 277445AC20F8B7BE004E5F2C /* Error.swift */; };
		277445AF20F8B86C004E5F2C /* Utilities.swift in Sources */ = {isa = PBXBuildFile; fileRef = 277445AE20F8B86C004E5F2C /* Utilities.swift */; };
		277445B120F8BAF7004E5F2C /* User.swift in Sources */ = {isa = PBXBuildFile; fileRef = 277445B020F8BAF7004E5F2C /* User.swift */; };
		277445B320F8BD84004E5F2C /* UserGlobalData.swift in Sources */ = {isa = PBXBuildFile; fileRef = 277445B220F8BD84004E5F2C /* UserGlobalData.swift */; };
		277445B520F8BDCC004E5F2C /* LString.swift in Sources */ = {isa = PBXBuildFile; fileRef = 277445B420F8BDCC004E5F2C /* LString.swift */; };
		277445B720F8D757004E5F2C /* UserProfilePostData.swift in Sources */ = {isa = PBXBuildFile; fileRef = 277445B620F8D757004E5F2C /* UserProfilePostData.swift */; };
		277445B920F8EA1A004E5F2C /* MembersPostData.swift in Sources */ = {isa = PBXBuildFile; fileRef = 277445B820F8EA1A004E5F2C /* MembersPostData.swift */; };
		277445BB20F8EC63004E5F2C /* Members.swift in Sources */ = {isa = PBXBuildFile; fileRef = 277445BA20F8EC63004E5F2C /* Members.swift */; };
		27745EDF20FA10A8009F8061 /* Partner.swift in Sources */ = {isa = PBXBuildFile; fileRef = 27745EDE20FA10A8009F8061 /* Partner.swift */; };
		27745EE120FA25A8009F8061 /* PartnerList.swift in Sources */ = {isa = PBXBuildFile; fileRef = 27745EE020FA25A8009F8061 /* PartnerList.swift */; };
		27B616EC20E7CC0000AC52F5 /* AppDelegate.swift in Sources */ = {isa = PBXBuildFile; fileRef = 27B616EB20E7CC0000AC52F5 /* AppDelegate.swift */; };
		27B616EE20E7CC0000AC52F5 /* ViewController.swift in Sources */ = {isa = PBXBuildFile; fileRef = 27B616ED20E7CC0000AC52F5 /* ViewController.swift */; };
		27B616F120E7CC0000AC52F5 /* Main.storyboard in Resources */ = {isa = PBXBuildFile; fileRef = 27B616EF20E7CC0000AC52F5 /* Main.storyboard */; };
		27B616F320E7CC0200AC52F5 /* Assets.xcassets in Resources */ = {isa = PBXBuildFile; fileRef = 27B616F220E7CC0200AC52F5 /* Assets.xcassets */; };
		27B616F620E7CC0200AC52F5 /* LaunchScreen.storyboard in Resources */ = {isa = PBXBuildFile; fileRef = 27B616F420E7CC0200AC52F5 /* LaunchScreen.storyboard */; };
		27D7526820FC7A5800324F54 /* WinLoader.swift in Sources */ = {isa = PBXBuildFile; fileRef = 27D7526520FC7A5800324F54 /* WinLoader.swift */; };
		27D7526920FC7A5800324F54 /* ViewLoader.swift in Sources */ = {isa = PBXBuildFile; fileRef = 27D7526620FC7A5800324F54 /* ViewLoader.swift */; };
		27D7526A20FC7A5800324F54 /* LoaderButton.swift in Sources */ = {isa = PBXBuildFile; fileRef = 27D7526720FC7A5800324F54 /* LoaderButton.swift */; };
		27D7526C20FC7A6300324F54 /* RoundButton.swift in Sources */ = {isa = PBXBuildFile; fileRef = 27D7526B20FC7A6300324F54 /* RoundButton.swift */; };
		27D7526F20FCA0B600324F54 /* ConversationRoomInfo.swift in Sources */ = {isa = PBXBuildFile; fileRef = 27D7526E20FCA0B600324F54 /* ConversationRoomInfo.swift */; };
		27D7527720FCC0CD00324F54 /* Extensions.swift in Sources */ = {isa = PBXBuildFile; fileRef = 27D7527620FCC0CD00324F54 /* Extensions.swift */; };
		27D7527920FCC24F00324F54 /* ConversationList.swift in Sources */ = {isa = PBXBuildFile; fileRef = 27D7527820FCC24F00324F54 /* ConversationList.swift */; };
		27D7527B20FCC31A00324F54 /* ConversationsPostData.swift in Sources */ = {isa = PBXBuildFile; fileRef = 27D7527A20FCC31A00324F54 /* ConversationsPostData.swift */; };
		336D39960F7BFDEEE79B5781 /* Pods_Jurasperle.framework in Frameworks */ = {isa = PBXBuildFile; fileRef = 26F1268EFCE47BCADF11E79A /* Pods_Jurasperle.framework */; };
		D80CE1CD20F890B90036297E /* ProfileViewController.swift in Sources */ = {isa = PBXBuildFile; fileRef = D80CE1CC20F890B90036297E /* ProfileViewController.swift */; };
		D80CE1D120F891A90036297E /* BlockedUsersTableViewController.swift in Sources */ = {isa = PBXBuildFile; fileRef = D80CE1D020F891A90036297E /* BlockedUsersTableViewController.swift */; };
		D80CE1D320F8939F0036297E /* BlockedUsersCell.swift in Sources */ = {isa = PBXBuildFile; fileRef = D80CE1D220F8939F0036297E /* BlockedUsersCell.swift */; };
		D80CE1D620F8B98C0036297E /* NewsViewController.swift in Sources */ = {isa = PBXBuildFile; fileRef = D80CE1D520F8B98C0036297E /* NewsViewController.swift */; };
		D80CE1D820F8B99F0036297E /* NewsCell.swift in Sources */ = {isa = PBXBuildFile; fileRef = D80CE1D720F8B99F0036297E /* NewsCell.swift */; };
		D80CE1DA20F8BB640036297E /* LoginViewController.swift in Sources */ = {isa = PBXBuildFile; fileRef = D80CE1D920F8BB640036297E /* LoginViewController.swift */; };
		D81BE80720F698B800E23EBF /* ChatTableViewCell.swift in Sources */ = {isa = PBXBuildFile; fileRef = D81BE80220F698B700E23EBF /* ChatTableViewCell.swift */; };
		D81BE80820F698B800E23EBF /* ChatsTableViewController.swift in Sources */ = {isa = PBXBuildFile; fileRef = D81BE80320F698B700E23EBF /* ChatsTableViewController.swift */; };
		D81BE80920F698B800E23EBF /* Message.swift in Sources */ = {isa = PBXBuildFile; fileRef = D81BE80420F698B700E23EBF /* Message.swift */; };
		D81BE80A20F698B800E23EBF /* MessagesViewController.swift in Sources */ = {isa = PBXBuildFile; fileRef = D81BE80520F698B700E23EBF /* MessagesViewController.swift */; };
		D81BE80B20F698B800E23EBF /* OwnerMessageCell.swift in Sources */ = {isa = PBXBuildFile; fileRef = D81BE80620F698B800E23EBF /* OwnerMessageCell.swift */; };
		D81BE80D20F698CE00E23EBF /* Chat.storyboard in Resources */ = {isa = PBXBuildFile; fileRef = D81BE80C20F698CE00E23EBF /* Chat.storyboard */; };
		D81BE80F20F6AB6A00E23EBF /* OthersMessageCell.swift in Sources */ = {isa = PBXBuildFile; fileRef = D81BE80E20F6AB6A00E23EBF /* OthersMessageCell.swift */; };
		D82509F320E966FE00989E81 /* MembersBiographyController.swift in Sources */ = {isa = PBXBuildFile; fileRef = D82509F220E966FE00989E81 /* MembersBiographyController.swift */; };
		D82509F520E96DA500989E81 /* PartnersViewController.swift in Sources */ = {isa = PBXBuildFile; fileRef = D82509F420E96DA500989E81 /* PartnersViewController.swift */; };
		D82509F720E9702A00989E81 /* GalleryViewController.swift in Sources */ = {isa = PBXBuildFile; fileRef = D82509F620E9702A00989E81 /* GalleryViewController.swift */; };
		D85929A720E9142600DBECAC /* MembersViewController.swift in Sources */ = {isa = PBXBuildFile; fileRef = D85929A620E9142600DBECAC /* MembersViewController.swift */; };
		D85929AB20E9159200DBECAC /* MembersCell.swift in Sources */ = {isa = PBXBuildFile; fileRef = D85929AA20E9159200DBECAC /* MembersCell.swift */; };
/* End PBXBuildFile section */

/* Begin PBXFileReference section */
		26F1268EFCE47BCADF11E79A /* Pods_Jurasperle.framework */ = {isa = PBXFileReference; explicitFileType = wrapper.framework; includeInIndex = 0; path = Pods_Jurasperle.framework; sourceTree = BUILT_PRODUCTS_DIR; };
		273C92D320FFE7240050CB74 /* PartnersPostData.swift */ = {isa = PBXFileReference; lastKnownFileType = sourcecode.swift; path = PartnersPostData.swift; sourceTree = "<group>"; };
		27422B6A20FDE66A008579A4 /* ConversationRoomInfoPostData.swift */ = {isa = PBXFileReference; fileEncoding = 4; lastKnownFileType = sourcecode.swift; path = ConversationRoomInfoPostData.swift; sourceTree = "<group>"; };
		27422B7320FDEAF6008579A4 /* ConversationRoom.swift */ = {isa = PBXFileReference; lastKnownFileType = sourcecode.swift; path = ConversationRoom.swift; sourceTree = "<group>"; };
		27422B7520FDEAFD008579A4 /* ChatMessage.swift */ = {isa = PBXFileReference; lastKnownFileType = sourcecode.swift; path = ChatMessage.swift; sourceTree = "<group>"; };
		27422B7720FDF057008579A4 /* ConversationRoomPostData.swift */ = {isa = PBXFileReference; lastKnownFileType = sourcecode.swift; path = ConversationRoomPostData.swift; sourceTree = "<group>"; };
		27422B7920FE03F4008579A4 /* MessagePostData.swift */ = {isa = PBXFileReference; lastKnownFileType = sourcecode.swift; path = MessagePostData.swift; sourceTree = "<group>"; };
		27422B7C20FE253E008579A4 /* News.swift */ = {isa = PBXFileReference; lastKnownFileType = sourcecode.swift; path = News.swift; sourceTree = "<group>"; };
		27422B7E20FE2BEA008579A4 /* NewsList.swift */ = {isa = PBXFileReference; lastKnownFileType = sourcecode.swift; path = NewsList.swift; sourceTree = "<group>"; };
		27422B8020FE2C9C008579A4 /* NewsPostData.swift */ = {isa = PBXFileReference; lastKnownFileType = sourcecode.swift; path = NewsPostData.swift; sourceTree = "<group>"; };
		2745DF5D21008F2A00E3ECCB /* ChangeUserProdilePostData.swift */ = {isa = PBXFileReference; lastKnownFileType = sourcecode.swift; path = ChangeUserProdilePostData.swift; sourceTree = "<group>"; };
		2745DF5F2100904A00E3ECCB /* AuthorizationPostData.swift */ = {isa = PBXFileReference; lastKnownFileType = sourcecode.swift; path = AuthorizationPostData.swift; sourceTree = "<group>"; };
		2745DF6121009AC100E3ECCB /* Contact.swift */ = {isa = PBXFileReference; lastKnownFileType = sourcecode.swift; path = Contact.swift; sourceTree = "<group>"; };
		2745DF6321009D7A00E3ECCB /* ContactList.swift */ = {isa = PBXFileReference; lastKnownFileType = sourcecode.swift; path = ContactList.swift; sourceTree = "<group>"; };
		2745DF652100C09900E3ECCB /* GetContactsPostData.swift */ = {isa = PBXFileReference; lastKnownFileType = sourcecode.swift; path = GetContactsPostData.swift; sourceTree = "<group>"; };
		2747E5F220FAA21B000814C7 /* GalleryItem.swift */ = {isa = PBXFileReference; lastKnownFileType = sourcecode.swift; path = GalleryItem.swift; sourceTree = "<group>"; };
		2747E5F420FAA6D4000814C7 /* Gallery.swift */ = {isa = PBXFileReference; lastKnownFileType = sourcecode.swift; path = Gallery.swift; sourceTree = "<group>"; };
		2747E5F620FAA745000814C7 /* GalleryPostData.swift */ = {isa = PBXFileReference; lastKnownFileType = sourcecode.swift; path = GalleryPostData.swift; sourceTree = "<group>"; };
		2774459A20F89102004E5F2C /* NetworkController.swift */ = {isa = PBXFileReference; fileEncoding = 4; lastKnownFileType = sourcecode.swift; path = NetworkController.swift; sourceTree = "<group>"; };
		2774459B20F89102004E5F2C /* RequestController.swift */ = {isa = PBXFileReference; fileEncoding = 4; lastKnownFileType = sourcecode.swift; path = RequestController.swift; sourceTree = "<group>"; };
		2774459C20F89102004E5F2C /* NetworkProtocols.swift */ = {isa = PBXFileReference; fileEncoding = 4; lastKnownFileType = sourcecode.swift; path = NetworkProtocols.swift; sourceTree = "<group>"; };
		2774459D20F89102004E5F2C /* APIPaths.swift */ = {isa = PBXFileReference; fileEncoding = 4; lastKnownFileType = sourcecode.swift; path = APIPaths.swift; sourceTree = "<group>"; };
		277445A420F8923F004E5F2C /* LoginPostData.swift */ = {isa = PBXFileReference; lastKnownFileType = sourcecode.swift; path = LoginPostData.swift; sourceTree = "<group>"; };
		277445A620F8933C004E5F2C /* QueryItemNames.swift */ = {isa = PBXFileReference; lastKnownFileType = sourcecode.swift; path = QueryItemNames.swift; sourceTree = "<group>"; };
		277445A820F8952F004E5F2C /* Authorization.swift */ = {isa = PBXFileReference; lastKnownFileType = sourcecode.swift; path = Authorization.swift; sourceTree = "<group>"; };
		277445AA20F89542004E5F2C /* Protocols.swift */ = {isa = PBXFileReference; lastKnownFileType = sourcecode.swift; path = Protocols.swift; sourceTree = "<group>"; };
		277445AC20F8B7BE004E5F2C /* Error.swift */ = {isa = PBXFileReference; lastKnownFileType = sourcecode.swift; path = Error.swift; sourceTree = "<group>"; };
		277445AE20F8B86C004E5F2C /* Utilities.swift */ = {isa = PBXFileReference; fileEncoding = 4; lastKnownFileType = sourcecode.swift; path = Utilities.swift; sourceTree = "<group>"; };
		277445B020F8BAF7004E5F2C /* User.swift */ = {isa = PBXFileReference; lastKnownFileType = sourcecode.swift; path = User.swift; sourceTree = "<group>"; };
		277445B220F8BD84004E5F2C /* UserGlobalData.swift */ = {isa = PBXFileReference; lastKnownFileType = sourcecode.swift; path = UserGlobalData.swift; sourceTree = "<group>"; };
		277445B420F8BDCC004E5F2C /* LString.swift */ = {isa = PBXFileReference; lastKnownFileType = sourcecode.swift; path = LString.swift; sourceTree = "<group>"; };
		277445B620F8D757004E5F2C /* UserProfilePostData.swift */ = {isa = PBXFileReference; lastKnownFileType = sourcecode.swift; path = UserProfilePostData.swift; sourceTree = "<group>"; };
		277445B820F8EA1A004E5F2C /* MembersPostData.swift */ = {isa = PBXFileReference; lastKnownFileType = sourcecode.swift; path = MembersPostData.swift; sourceTree = "<group>"; };
		277445BA20F8EC63004E5F2C /* Members.swift */ = {isa = PBXFileReference; lastKnownFileType = sourcecode.swift; path = Members.swift; sourceTree = "<group>"; };
		27745EDE20FA10A8009F8061 /* Partner.swift */ = {isa = PBXFileReference; lastKnownFileType = sourcecode.swift; path = Partner.swift; sourceTree = "<group>"; };
		27745EE020FA25A8009F8061 /* PartnerList.swift */ = {isa = PBXFileReference; lastKnownFileType = sourcecode.swift; path = PartnerList.swift; sourceTree = "<group>"; };
		27A887AADC22E96AA7531C90 /* Pods-Jurasperle.release.xcconfig */ = {isa = PBXFileReference; includeInIndex = 1; lastKnownFileType = text.xcconfig; name = "Pods-Jurasperle.release.xcconfig"; path = "Pods/Target Support Files/Pods-Jurasperle/Pods-Jurasperle.release.xcconfig"; sourceTree = "<group>"; };
		27B616E820E7CC0000AC52F5 /* Jurasperle.app */ = {isa = PBXFileReference; explicitFileType = wrapper.application; includeInIndex = 0; path = Jurasperle.app; sourceTree = BUILT_PRODUCTS_DIR; };
		27B616EB20E7CC0000AC52F5 /* AppDelegate.swift */ = {isa = PBXFileReference; lastKnownFileType = sourcecode.swift; path = AppDelegate.swift; sourceTree = "<group>"; };
		27B616ED20E7CC0000AC52F5 /* ViewController.swift */ = {isa = PBXFileReference; lastKnownFileType = sourcecode.swift; path = ViewController.swift; sourceTree = "<group>"; };
		27B616F020E7CC0000AC52F5 /* Base */ = {isa = PBXFileReference; lastKnownFileType = file.storyboard; name = Base; path = Base.lproj/Main.storyboard; sourceTree = "<group>"; };
		27B616F220E7CC0200AC52F5 /* Assets.xcassets */ = {isa = PBXFileReference; lastKnownFileType = folder.assetcatalog; path = Assets.xcassets; sourceTree = "<group>"; };
		27B616F520E7CC0200AC52F5 /* Base */ = {isa = PBXFileReference; lastKnownFileType = file.storyboard; name = Base; path = Base.lproj/LaunchScreen.storyboard; sourceTree = "<group>"; };
		27B616F720E7CC0200AC52F5 /* Info.plist */ = {isa = PBXFileReference; lastKnownFileType = text.plist.xml; path = Info.plist; sourceTree = "<group>"; };
		27D7526520FC7A5800324F54 /* WinLoader.swift */ = {isa = PBXFileReference; fileEncoding = 4; lastKnownFileType = sourcecode.swift; path = WinLoader.swift; sourceTree = "<group>"; };
		27D7526620FC7A5800324F54 /* ViewLoader.swift */ = {isa = PBXFileReference; fileEncoding = 4; lastKnownFileType = sourcecode.swift; path = ViewLoader.swift; sourceTree = "<group>"; };
		27D7526720FC7A5800324F54 /* LoaderButton.swift */ = {isa = PBXFileReference; fileEncoding = 4; lastKnownFileType = sourcecode.swift; path = LoaderButton.swift; sourceTree = "<group>"; };
		27D7526B20FC7A6300324F54 /* RoundButton.swift */ = {isa = PBXFileReference; fileEncoding = 4; lastKnownFileType = sourcecode.swift; path = RoundButton.swift; sourceTree = "<group>"; };
		27D7526E20FCA0B600324F54 /* ConversationRoomInfo.swift */ = {isa = PBXFileReference; lastKnownFileType = sourcecode.swift; path = ConversationRoomInfo.swift; sourceTree = "<group>"; };
		27D7527620FCC0CD00324F54 /* Extensions.swift */ = {isa = PBXFileReference; lastKnownFileType = sourcecode.swift; path = Extensions.swift; sourceTree = "<group>"; };
		27D7527820FCC24F00324F54 /* ConversationList.swift */ = {isa = PBXFileReference; lastKnownFileType = sourcecode.swift; path = ConversationList.swift; sourceTree = "<group>"; };
		27D7527A20FCC31A00324F54 /* ConversationsPostData.swift */ = {isa = PBXFileReference; lastKnownFileType = sourcecode.swift; path = ConversationsPostData.swift; sourceTree = "<group>"; };
		D80CE1CC20F890B90036297E /* ProfileViewController.swift */ = {isa = PBXFileReference; lastKnownFileType = sourcecode.swift; path = ProfileViewController.swift; sourceTree = "<group>"; };
		D80CE1D020F891A90036297E /* BlockedUsersTableViewController.swift */ = {isa = PBXFileReference; lastKnownFileType = sourcecode.swift; path = BlockedUsersTableViewController.swift; sourceTree = "<group>"; };
		D80CE1D220F8939F0036297E /* BlockedUsersCell.swift */ = {isa = PBXFileReference; lastKnownFileType = sourcecode.swift; path = BlockedUsersCell.swift; sourceTree = "<group>"; };
		D80CE1D520F8B98C0036297E /* NewsViewController.swift */ = {isa = PBXFileReference; lastKnownFileType = sourcecode.swift; path = NewsViewController.swift; sourceTree = "<group>"; };
		D80CE1D720F8B99F0036297E /* NewsCell.swift */ = {isa = PBXFileReference; lastKnownFileType = sourcecode.swift; path = NewsCell.swift; sourceTree = "<group>"; };
		D80CE1D920F8BB640036297E /* LoginViewController.swift */ = {isa = PBXFileReference; lastKnownFileType = sourcecode.swift; path = LoginViewController.swift; sourceTree = "<group>"; };
		D81BE80220F698B700E23EBF /* ChatTableViewCell.swift */ = {isa = PBXFileReference; fileEncoding = 4; lastKnownFileType = sourcecode.swift; path = ChatTableViewCell.swift; sourceTree = "<group>"; };
		D81BE80320F698B700E23EBF /* ChatsTableViewController.swift */ = {isa = PBXFileReference; fileEncoding = 4; lastKnownFileType = sourcecode.swift; path = ChatsTableViewController.swift; sourceTree = "<group>"; };
		D81BE80420F698B700E23EBF /* Message.swift */ = {isa = PBXFileReference; fileEncoding = 4; lastKnownFileType = sourcecode.swift; path = Message.swift; sourceTree = "<group>"; };
		D81BE80520F698B700E23EBF /* MessagesViewController.swift */ = {isa = PBXFileReference; fileEncoding = 4; lastKnownFileType = sourcecode.swift; path = MessagesViewController.swift; sourceTree = "<group>"; };
		D81BE80620F698B800E23EBF /* OwnerMessageCell.swift */ = {isa = PBXFileReference; fileEncoding = 4; lastKnownFileType = sourcecode.swift; path = OwnerMessageCell.swift; sourceTree = "<group>"; };
		D81BE80C20F698CE00E23EBF /* Chat.storyboard */ = {isa = PBXFileReference; fileEncoding = 4; lastKnownFileType = file.storyboard; path = Chat.storyboard; sourceTree = "<group>"; };
		D81BE80E20F6AB6A00E23EBF /* OthersMessageCell.swift */ = {isa = PBXFileReference; lastKnownFileType = sourcecode.swift; path = OthersMessageCell.swift; sourceTree = "<group>"; };
		D82509F220E966FE00989E81 /* MembersBiographyController.swift */ = {isa = PBXFileReference; lastKnownFileType = sourcecode.swift; path = MembersBiographyController.swift; sourceTree = "<group>"; };
		D82509F420E96DA500989E81 /* PartnersViewController.swift */ = {isa = PBXFileReference; lastKnownFileType = sourcecode.swift; path = PartnersViewController.swift; sourceTree = "<group>"; };
		D82509F620E9702A00989E81 /* GalleryViewController.swift */ = {isa = PBXFileReference; lastKnownFileType = sourcecode.swift; path = GalleryViewController.swift; sourceTree = "<group>"; };
		D85929A620E9142600DBECAC /* MembersViewController.swift */ = {isa = PBXFileReference; lastKnownFileType = sourcecode.swift; path = MembersViewController.swift; sourceTree = "<group>"; };
		D85929AA20E9159200DBECAC /* MembersCell.swift */ = {isa = PBXFileReference; lastKnownFileType = sourcecode.swift; path = MembersCell.swift; sourceTree = "<group>"; };
		F83D0D880A924ED93622D7E5 /* Pods-Jurasperle.debug.xcconfig */ = {isa = PBXFileReference; includeInIndex = 1; lastKnownFileType = text.xcconfig; name = "Pods-Jurasperle.debug.xcconfig"; path = "Pods/Target Support Files/Pods-Jurasperle/Pods-Jurasperle.debug.xcconfig"; sourceTree = "<group>"; };
/* End PBXFileReference section */

/* Begin PBXFrameworksBuildPhase section */
		27B616E520E7CC0000AC52F5 /* Frameworks */ = {
			isa = PBXFrameworksBuildPhase;
			buildActionMask = 2147483647;
			files = (
				336D39960F7BFDEEE79B5781 /* Pods_Jurasperle.framework in Frameworks */,
			);
			runOnlyForDeploymentPostprocessing = 0;
		};
/* End PBXFrameworksBuildPhase section */

/* Begin PBXGroup section */
		27422B6C20FDE99D008579A4 /* Chat */ = {
			isa = PBXGroup;
			children = (
				27D7526E20FCA0B600324F54 /* ConversationRoomInfo.swift */,
				27D7527820FCC24F00324F54 /* ConversationList.swift */,
				27422B7320FDEAF6008579A4 /* ConversationRoom.swift */,
				27422B7520FDEAFD008579A4 /* ChatMessage.swift */,
			);
			name = Chat;
			sourceTree = "<group>";
		};
		27422B6D20FDE9B6008579A4 /* Gallery */ = {
			isa = PBXGroup;
			children = (
				2747E5F220FAA21B000814C7 /* GalleryItem.swift */,
				2747E5F420FAA6D4000814C7 /* Gallery.swift */,
			);
			name = Gallery;
			sourceTree = "<group>";
		};
		27422B6E20FDE9C2008579A4 /* User */ = {
			isa = PBXGroup;
			children = (
				277445B020F8BAF7004E5F2C /* User.swift */,
				277445BA20F8EC63004E5F2C /* Members.swift */,
				2745DF6121009AC100E3ECCB /* Contact.swift */,
				2745DF6321009D7A00E3ECCB /* ContactList.swift */,
			);
			path = User;
			sourceTree = "<group>";
		};
		27422B6F20FDE9D4008579A4 /* Partners */ = {
			isa = PBXGroup;
			children = (
				27745EDE20FA10A8009F8061 /* Partner.swift */,
				27745EE020FA25A8009F8061 /* PartnerList.swift */,
			);
			name = Partners;
			sourceTree = "<group>";
		};
		27422B7020FDE9E3008579A4 /* Authorization */ = {
			isa = PBXGroup;
			children = (
				277445A820F8952F004E5F2C /* Authorization.swift */,
			);
			path = Authorization;
			sourceTree = "<group>";
		};
		27422B7120FDE9FA008579A4 /* Errors */ = {
			isa = PBXGroup;
			children = (
				277445AC20F8B7BE004E5F2C /* Error.swift */,
			);
			name = Errors;
			sourceTree = "<group>";
		};
		27422B7220FDEA01008579A4 /* Protocols */ = {
			isa = PBXGroup;
			children = (
				277445AA20F89542004E5F2C /* Protocols.swift */,
			);
			path = Protocols;
			sourceTree = "<group>";
		};
		27422B7B20FE2522008579A4 /* News */ = {
			isa = PBXGroup;
			children = (
				27422B7C20FE253E008579A4 /* News.swift */,
				27422B7E20FE2BEA008579A4 /* NewsList.swift */,
			);
			name = News;
			sourceTree = "<group>";
		};
		2774459920F890E2004E5F2C /* Network Layer */ = {
			isa = PBXGroup;
			children = (
				2774459A20F89102004E5F2C /* NetworkController.swift */,
				2774459B20F89102004E5F2C /* RequestController.swift */,
				2774459D20F89102004E5F2C /* APIPaths.swift */,
				2774459C20F89102004E5F2C /* NetworkProtocols.swift */,
			);
			path = "Network Layer";
			sourceTree = "<group>";
		};
		277445A220F891D7004E5F2C /* Models */ = {
			isa = PBXGroup;
			children = (
				27422B7B20FE2522008579A4 /* News */,
				27422B7220FDEA01008579A4 /* Protocols */,
				27422B7120FDE9FA008579A4 /* Errors */,
				27422B7020FDE9E3008579A4 /* Authorization */,
				27422B6F20FDE9D4008579A4 /* Partners */,
				27422B6E20FDE9C2008579A4 /* User */,
				27422B6D20FDE9B6008579A4 /* Gallery */,
				27422B6C20FDE99D008579A4 /* Chat */,
				277445A320F891EB004E5F2C /* PostData */,
			);
			path = Models;
			sourceTree = "<group>";
		};
		277445A320F891EB004E5F2C /* PostData */ = {
			isa = PBXGroup;
			children = (
				277445A420F8923F004E5F2C /* LoginPostData.swift */,
				277445A620F8933C004E5F2C /* QueryItemNames.swift */,
				277445B620F8D757004E5F2C /* UserProfilePostData.swift */,
				277445B820F8EA1A004E5F2C /* MembersPostData.swift */,
				2747E5F620FAA745000814C7 /* GalleryPostData.swift */,
				27D7527A20FCC31A00324F54 /* ConversationsPostData.swift */,
				27422B6A20FDE66A008579A4 /* ConversationRoomInfoPostData.swift */,
				27422B7720FDF057008579A4 /* ConversationRoomPostData.swift */,
				27422B7920FE03F4008579A4 /* MessagePostData.swift */,
				27422B8020FE2C9C008579A4 /* NewsPostData.swift */,
				273C92D320FFE7240050CB74 /* PartnersPostData.swift */,
				2745DF5D21008F2A00E3ECCB /* ChangeUserProdilePostData.swift */,
				2745DF5F2100904A00E3ECCB /* AuthorizationPostData.swift */,
				2745DF652100C09900E3ECCB /* GetContactsPostData.swift */,
			);
			path = PostData;
			sourceTree = "<group>";
		};
		27B616DF20E7CC0000AC52F5 = {
			isa = PBXGroup;
			children = (
				27B616EA20E7CC0000AC52F5 /* Jurasperle */,
				27B616E920E7CC0000AC52F5 /* Products */,
				A15AA7F2A05844087AC97FF8 /* Pods */,
				349545FE1FA7E8AE699ACC9E /* Frameworks */,
			);
			sourceTree = "<group>";
		};
		27B616E920E7CC0000AC52F5 /* Products */ = {
			isa = PBXGroup;
			children = (
				27B616E820E7CC0000AC52F5 /* Jurasperle.app */,
			);
			name = Products;
			sourceTree = "<group>";
		};
		27B616EA20E7CC0000AC52F5 /* Jurasperle */ = {
			isa = PBXGroup;
			children = (
				27D7526220FC7A2100324F54 /* Utilities */,
				277445A220F891D7004E5F2C /* Models */,
				2774459920F890E2004E5F2C /* Network Layer */,
				D80CE1DB20F8BB740036297E /* Login */,
				D80CE1CB20F890720036297E /* User Profile */,
				D82618D020F746A4005CA4E4 /* Partners */,
				D82618CF20F74671005CA4E4 /* Memebers */,
				D82618CE20F74655005CA4E4 /* Gallery */,
				D81BE80120F6989700E23EBF /* Chat */,
				D80CE1D420F8B95E0036297E /* News Page */,
				27B616EB20E7CC0000AC52F5 /* AppDelegate.swift */,
				27B616ED20E7CC0000AC52F5 /* ViewController.swift */,
				27B616EF20E7CC0000AC52F5 /* Main.storyboard */,
				27B616F220E7CC0200AC52F5 /* Assets.xcassets */,
				27B616F420E7CC0200AC52F5 /* LaunchScreen.storyboard */,
				27B616F720E7CC0200AC52F5 /* Info.plist */,
			);
			path = Jurasperle;
			sourceTree = "<group>";
		};
		27D7526220FC7A2100324F54 /* Utilities */ = {
			isa = PBXGroup;
			children = (
				27D7526420FC7A3400324F54 /* Controls */,
				27D7526320FC7A2B00324F54 /* Decorations */,
				277445AE20F8B86C004E5F2C /* Utilities.swift */,
				277445B220F8BD84004E5F2C /* UserGlobalData.swift */,
				277445B420F8BDCC004E5F2C /* LString.swift */,
				27D7527620FCC0CD00324F54 /* Extensions.swift */,
			);
			path = Utilities;
			sourceTree = "<group>";
		};
		27D7526320FC7A2B00324F54 /* Decorations */ = {
			isa = PBXGroup;
			children = (
				27D7526720FC7A5800324F54 /* LoaderButton.swift */,
				27D7526620FC7A5800324F54 /* ViewLoader.swift */,
				27D7526520FC7A5800324F54 /* WinLoader.swift */,
			);
			path = Decorations;
			sourceTree = "<group>";
		};
		27D7526420FC7A3400324F54 /* Controls */ = {
			isa = PBXGroup;
			children = (
				27D7526B20FC7A6300324F54 /* RoundButton.swift */,
			);
			path = Controls;
			sourceTree = "<group>";
		};
		349545FE1FA7E8AE699ACC9E /* Frameworks */ = {
			isa = PBXGroup;
			children = (
				26F1268EFCE47BCADF11E79A /* Pods_Jurasperle.framework */,
			);
			name = Frameworks;
			sourceTree = "<group>";
		};
		A15AA7F2A05844087AC97FF8 /* Pods */ = {
			isa = PBXGroup;
			children = (
				F83D0D880A924ED93622D7E5 /* Pods-Jurasperle.debug.xcconfig */,
				27A887AADC22E96AA7531C90 /* Pods-Jurasperle.release.xcconfig */,
			);
			name = Pods;
			sourceTree = "<group>";
		};
		D80CE1CB20F890720036297E /* User Profile */ = {
			isa = PBXGroup;
			children = (
				D80CE1CC20F890B90036297E /* ProfileViewController.swift */,
				D80CE1D020F891A90036297E /* BlockedUsersTableViewController.swift */,
				D80CE1D220F8939F0036297E /* BlockedUsersCell.swift */,
			);
			path = "User Profile";
			sourceTree = "<group>";
		};
		D80CE1D420F8B95E0036297E /* News Page */ = {
			isa = PBXGroup;
			children = (
				D80CE1D520F8B98C0036297E /* NewsViewController.swift */,
				D80CE1D720F8B99F0036297E /* NewsCell.swift */,
			);
			path = "News Page";
			sourceTree = "<group>";
		};
		D80CE1DB20F8BB740036297E /* Login */ = {
			isa = PBXGroup;
			children = (
				D80CE1D920F8BB640036297E /* LoginViewController.swift */,
			);
			path = Login;
			sourceTree = "<group>";
		};
		D81BE80120F6989700E23EBF /* Chat */ = {
			isa = PBXGroup;
			children = (
				D81BE80320F698B700E23EBF /* ChatsTableViewController.swift */,
				D81BE80220F698B700E23EBF /* ChatTableViewCell.swift */,
				D81BE80420F698B700E23EBF /* Message.swift */,
				D81BE80520F698B700E23EBF /* MessagesViewController.swift */,
				D81BE80620F698B800E23EBF /* OwnerMessageCell.swift */,
				D81BE80E20F6AB6A00E23EBF /* OthersMessageCell.swift */,
				D81BE80C20F698CE00E23EBF /* Chat.storyboard */,
			);
			path = Chat;
			sourceTree = "<group>";
		};
		D82618CE20F74655005CA4E4 /* Gallery */ = {
			isa = PBXGroup;
			children = (
				D82509F620E9702A00989E81 /* GalleryViewController.swift */,
			);
			path = Gallery;
			sourceTree = "<group>";
		};
		D82618CF20F74671005CA4E4 /* Memebers */ = {
			isa = PBXGroup;
			children = (
				D85929A620E9142600DBECAC /* MembersViewController.swift */,
				D85929AA20E9159200DBECAC /* MembersCell.swift */,
				D82509F220E966FE00989E81 /* MembersBiographyController.swift */,
			);
			path = Memebers;
			sourceTree = "<group>";
		};
		D82618D020F746A4005CA4E4 /* Partners */ = {
			isa = PBXGroup;
			children = (
				D82509F420E96DA500989E81 /* PartnersViewController.swift */,
			);
			path = Partners;
			sourceTree = "<group>";
		};
/* End PBXGroup section */

/* Begin PBXNativeTarget section */
		27B616E720E7CC0000AC52F5 /* Jurasperle */ = {
			isa = PBXNativeTarget;
			buildConfigurationList = 27B616FA20E7CC0200AC52F5 /* Build configuration list for PBXNativeTarget "Jurasperle" */;
			buildPhases = (
				930E3475E9F3393E8C5CAD54 /* [CP] Check Pods Manifest.lock */,
				27B616E420E7CC0000AC52F5 /* Sources */,
				27B616E520E7CC0000AC52F5 /* Frameworks */,
				27B616E620E7CC0000AC52F5 /* Resources */,
				5B69DA4E548BF3AD1760ADDE /* [CP] Embed Pods Frameworks */,
			);
			buildRules = (
			);
			dependencies = (
			);
			name = Jurasperle;
			productName = Jurasperle;
			productReference = 27B616E820E7CC0000AC52F5 /* Jurasperle.app */;
			productType = "com.apple.product-type.application";
		};
/* End PBXNativeTarget section */

/* Begin PBXProject section */
		27B616E020E7CC0000AC52F5 /* Project object */ = {
			isa = PBXProject;
			attributes = {
				LastSwiftUpdateCheck = 0930;
				LastUpgradeCheck = 0930;
				ORGANIZATIONNAME = Humanz;
				TargetAttributes = {
					27B616E720E7CC0000AC52F5 = {
						CreatedOnToolsVersion = 9.3;
					};
				};
			};
			buildConfigurationList = 27B616E320E7CC0000AC52F5 /* Build configuration list for PBXProject "Jurasperle" */;
			compatibilityVersion = "Xcode 9.3";
			developmentRegion = en;
			hasScannedForEncodings = 0;
			knownRegions = (
				en,
				Base,
			);
			mainGroup = 27B616DF20E7CC0000AC52F5;
			productRefGroup = 27B616E920E7CC0000AC52F5 /* Products */;
			projectDirPath = "";
			projectRoot = "";
			targets = (
				27B616E720E7CC0000AC52F5 /* Jurasperle */,
			);
		};
/* End PBXProject section */

/* Begin PBXResourcesBuildPhase section */
		27B616E620E7CC0000AC52F5 /* Resources */ = {
			isa = PBXResourcesBuildPhase;
			buildActionMask = 2147483647;
			files = (
				27B616F620E7CC0200AC52F5 /* LaunchScreen.storyboard in Resources */,
				27B616F320E7CC0200AC52F5 /* Assets.xcassets in Resources */,
				D81BE80D20F698CE00E23EBF /* Chat.storyboard in Resources */,
				27B616F120E7CC0000AC52F5 /* Main.storyboard in Resources */,
			);
			runOnlyForDeploymentPostprocessing = 0;
		};
/* End PBXResourcesBuildPhase section */

/* Begin PBXShellScriptBuildPhase section */
		5B69DA4E548BF3AD1760ADDE /* [CP] Embed Pods Frameworks */ = {
			isa = PBXShellScriptBuildPhase;
			buildActionMask = 2147483647;
			files = (
			);
			inputPaths = (
				"${SRCROOT}/Pods/Target Support Files/Pods-Jurasperle/Pods-Jurasperle-frameworks.sh",
				"${BUILT_PRODUCTS_DIR}/Kingfisher/Kingfisher.framework",
			);
			name = "[CP] Embed Pods Frameworks";
			outputPaths = (
				"${TARGET_BUILD_DIR}/${FRAMEWORKS_FOLDER_PATH}/Kingfisher.framework",
			);
			runOnlyForDeploymentPostprocessing = 0;
			shellPath = /bin/sh;
			shellScript = "\"${SRCROOT}/Pods/Target Support Files/Pods-Jurasperle/Pods-Jurasperle-frameworks.sh\"\n";
			showEnvVarsInLog = 0;
		};
		930E3475E9F3393E8C5CAD54 /* [CP] Check Pods Manifest.lock */ = {
			isa = PBXShellScriptBuildPhase;
			buildActionMask = 2147483647;
			files = (
			);
			inputPaths = (
				"${PODS_PODFILE_DIR_PATH}/Podfile.lock",
				"${PODS_ROOT}/Manifest.lock",
			);
			name = "[CP] Check Pods Manifest.lock";
			outputPaths = (
				"$(DERIVED_FILE_DIR)/Pods-Jurasperle-checkManifestLockResult.txt",
			);
			runOnlyForDeploymentPostprocessing = 0;
			shellPath = /bin/sh;
			shellScript = "diff \"${PODS_PODFILE_DIR_PATH}/Podfile.lock\" \"${PODS_ROOT}/Manifest.lock\" > /dev/null\nif [ $? != 0 ] ; then\n    # print error to STDERR\n    echo \"error: The sandbox is not in sync with the Podfile.lock. Run 'pod install' or update your CocoaPods installation.\" >&2\n    exit 1\nfi\n# This output is used by Xcode 'outputs' to avoid re-running this script phase.\necho \"SUCCESS\" > \"${SCRIPT_OUTPUT_FILE_0}\"\n";
			showEnvVarsInLog = 0;
		};
/* End PBXShellScriptBuildPhase section */

/* Begin PBXSourcesBuildPhase section */
		27B616E420E7CC0000AC52F5 /* Sources */ = {
			isa = PBXSourcesBuildPhase;
			buildActionMask = 2147483647;
			files = (
				277445A720F8933C004E5F2C /* QueryItemNames.swift in Sources */,
				277445B720F8D757004E5F2C /* UserProfilePostData.swift in Sources */,
				277445A020F89103004E5F2C /* NetworkProtocols.swift in Sources */,
				27422B7620FDEAFD008579A4 /* ChatMessage.swift in Sources */,
				277445A120F89103004E5F2C /* APIPaths.swift in Sources */,
				27D7526C20FC7A6300324F54 /* RoundButton.swift in Sources */,
				27B616EE20E7CC0000AC52F5 /* ViewController.swift in Sources */,
				27D7526A20FC7A5800324F54 /* LoaderButton.swift in Sources */,
				D82509F720E9702A00989E81 /* GalleryViewController.swift in Sources */,
				D81BE80A20F698B800E23EBF /* MessagesViewController.swift in Sources */,
				D85929A720E9142600DBECAC /* MembersViewController.swift in Sources */,
				27745EDF20FA10A8009F8061 /* Partner.swift in Sources */,
				2745DF6221009AC100E3ECCB /* Contact.swift in Sources */,
				277445B320F8BD84004E5F2C /* UserGlobalData.swift in Sources */,
				2745DF6421009D7A00E3ECCB /* ContactList.swift in Sources */,
				D80CE1DA20F8BB640036297E /* LoginViewController.swift in Sources */,
				D80CE1CD20F890B90036297E /* ProfileViewController.swift in Sources */,
				D80CE1D320F8939F0036297E /* BlockedUsersCell.swift in Sources */,
				D82509F320E966FE00989E81 /* MembersBiographyController.swift in Sources */,
				D82509F520E96DA500989E81 /* PartnersViewController.swift in Sources */,
				277445AB20F89542004E5F2C /* Protocols.swift in Sources */,
				27D7526F20FCA0B600324F54 /* ConversationRoomInfo.swift in Sources */,
				27422B7A20FE03F4008579A4 /* MessagePostData.swift in Sources */,
				2747E5F720FAA745000814C7 /* GalleryPostData.swift in Sources */,
				2745DF5E21008F2A00E3ECCB /* ChangeUserProdilePostData.swift in Sources */,
				27D7526920FC7A5800324F54 /* ViewLoader.swift in Sources */,
				2774459F20F89103004E5F2C /* RequestController.swift in Sources */,
				D81BE80B20F698B800E23EBF /* OwnerMessageCell.swift in Sources */,
				27422B7420FDEAF7008579A4 /* ConversationRoom.swift in Sources */,
				27422B8120FE2C9C008579A4 /* NewsPostData.swift in Sources */,
				27422B7F20FE2BEA008579A4 /* NewsList.swift in Sources */,
				27D7527720FCC0CD00324F54 /* Extensions.swift in Sources */,
				27422B6B20FDE66A008579A4 /* ConversationRoomInfoPostData.swift in Sources */,
				277445AF20F8B86C004E5F2C /* Utilities.swift in Sources */,
				D81BE80820F698B800E23EBF /* ChatsTableViewController.swift in Sources */,
				27745EE120FA25A8009F8061 /* PartnerList.swift in Sources */,
				277445A520F8923F004E5F2C /* LoginPostData.swift in Sources */,
				2745DF602100904A00E3ECCB /* AuthorizationPostData.swift in Sources */,
				277445AD20F8B7BE004E5F2C /* Error.swift in Sources */,
				277445BB20F8EC63004E5F2C /* Members.swift in Sources */,
				D80CE1D820F8B99F0036297E /* NewsCell.swift in Sources */,
				27B616EC20E7CC0000AC52F5 /* AppDelegate.swift in Sources */,
				D81BE80F20F6AB6A00E23EBF /* OthersMessageCell.swift in Sources */,
				D80CE1D620F8B98C0036297E /* NewsViewController.swift in Sources */,
				2747E5F520FAA6D4000814C7 /* Gallery.swift in Sources */,
				277445B920F8EA1A004E5F2C /* MembersPostData.swift in Sources */,
				27D7527B20FCC31A00324F54 /* ConversationsPostData.swift in Sources */,
				27D7526820FC7A5800324F54 /* WinLoader.swift in Sources */,
				D81BE80720F698B800E23EBF /* ChatTableViewCell.swift in Sources */,
				2745DF662100C09900E3ECCB /* GetContactsPostData.swift in Sources */,
				D80CE1D120F891A90036297E /* BlockedUsersTableViewController.swift in Sources */,
				D81BE80920F698B800E23EBF /* Message.swift in Sources */,
				277445B120F8BAF7004E5F2C /* User.swift in Sources */,
				27D7527920FCC24F00324F54 /* ConversationList.swift in Sources */,
				2774459E20F89103004E5F2C /* NetworkController.swift in Sources */,
				27422B7D20FE253E008579A4 /* News.swift in Sources */,
				2747E5F320FAA21B000814C7 /* GalleryItem.swift in Sources */,
				D85929AB20E9159200DBECAC /* MembersCell.swift in Sources */,
				273C92D420FFE7240050CB74 /* PartnersPostData.swift in Sources */,
				27422B7820FDF057008579A4 /* ConversationRoomPostData.swift in Sources */,
				277445A920F8952F004E5F2C /* Authorization.swift in Sources */,
				277445B520F8BDCC004E5F2C /* LString.swift in Sources */,
			);
			runOnlyForDeploymentPostprocessing = 0;
		};
/* End PBXSourcesBuildPhase section */

/* Begin PBXVariantGroup section */
		27B616EF20E7CC0000AC52F5 /* Main.storyboard */ = {
			isa = PBXVariantGroup;
			children = (
				27B616F020E7CC0000AC52F5 /* Base */,
			);
			name = Main.storyboard;
			sourceTree = "<group>";
		};
		27B616F420E7CC0200AC52F5 /* LaunchScreen.storyboard */ = {
			isa = PBXVariantGroup;
			children = (
				27B616F520E7CC0200AC52F5 /* Base */,
			);
			name = LaunchScreen.storyboard;
			sourceTree = "<group>";
		};
/* End PBXVariantGroup section */

/* Begin XCBuildConfiguration section */
		27B616F820E7CC0200AC52F5 /* Debug */ = {
			isa = XCBuildConfiguration;
			buildSettings = {
				ALWAYS_SEARCH_USER_PATHS = NO;
				CLANG_ANALYZER_NONNULL = YES;
				CLANG_ANALYZER_NUMBER_OBJECT_CONVERSION = YES_AGGRESSIVE;
				CLANG_CXX_LANGUAGE_STANDARD = "gnu++14";
				CLANG_CXX_LIBRARY = "libc++";
				CLANG_ENABLE_MODULES = YES;
				CLANG_ENABLE_OBJC_ARC = YES;
				CLANG_ENABLE_OBJC_WEAK = YES;
				CLANG_WARN_BLOCK_CAPTURE_AUTORELEASING = YES;
				CLANG_WARN_BOOL_CONVERSION = YES;
				CLANG_WARN_COMMA = YES;
				CLANG_WARN_CONSTANT_CONVERSION = YES;
				CLANG_WARN_DEPRECATED_OBJC_IMPLEMENTATIONS = YES;
				CLANG_WARN_DIRECT_OBJC_ISA_USAGE = YES_ERROR;
				CLANG_WARN_DOCUMENTATION_COMMENTS = YES;
				CLANG_WARN_EMPTY_BODY = YES;
				CLANG_WARN_ENUM_CONVERSION = YES;
				CLANG_WARN_INFINITE_RECURSION = YES;
				CLANG_WARN_INT_CONVERSION = YES;
				CLANG_WARN_NON_LITERAL_NULL_CONVERSION = YES;
				CLANG_WARN_OBJC_IMPLICIT_RETAIN_SELF = YES;
				CLANG_WARN_OBJC_LITERAL_CONVERSION = YES;
				CLANG_WARN_OBJC_ROOT_CLASS = YES_ERROR;
				CLANG_WARN_RANGE_LOOP_ANALYSIS = YES;
				CLANG_WARN_STRICT_PROTOTYPES = YES;
				CLANG_WARN_SUSPICIOUS_MOVE = YES;
				CLANG_WARN_UNGUARDED_AVAILABILITY = YES_AGGRESSIVE;
				CLANG_WARN_UNREACHABLE_CODE = YES;
				CLANG_WARN__DUPLICATE_METHOD_MATCH = YES;
				CODE_SIGN_IDENTITY = "iPhone Developer";
				COPY_PHASE_STRIP = NO;
				DEBUG_INFORMATION_FORMAT = dwarf;
				ENABLE_STRICT_OBJC_MSGSEND = YES;
				ENABLE_TESTABILITY = YES;
				GCC_C_LANGUAGE_STANDARD = gnu11;
				GCC_DYNAMIC_NO_PIC = NO;
				GCC_NO_COMMON_BLOCKS = YES;
				GCC_OPTIMIZATION_LEVEL = 0;
				GCC_PREPROCESSOR_DEFINITIONS = (
					"DEBUG=1",
					"$(inherited)",
				);
				GCC_WARN_64_TO_32_BIT_CONVERSION = YES;
				GCC_WARN_ABOUT_RETURN_TYPE = YES_ERROR;
				GCC_WARN_UNDECLARED_SELECTOR = YES;
				GCC_WARN_UNINITIALIZED_AUTOS = YES_AGGRESSIVE;
				GCC_WARN_UNUSED_FUNCTION = YES;
				GCC_WARN_UNUSED_VARIABLE = YES;
				IPHONEOS_DEPLOYMENT_TARGET = 11.3;
				MTL_ENABLE_DEBUG_INFO = YES;
				ONLY_ACTIVE_ARCH = YES;
				SDKROOT = iphoneos;
				SWIFT_ACTIVE_COMPILATION_CONDITIONS = DEBUG;
				SWIFT_OPTIMIZATION_LEVEL = "-Onone";
			};
			name = Debug;
		};
		27B616F920E7CC0200AC52F5 /* Release */ = {
			isa = XCBuildConfiguration;
			buildSettings = {
				ALWAYS_SEARCH_USER_PATHS = NO;
				CLANG_ANALYZER_NONNULL = YES;
				CLANG_ANALYZER_NUMBER_OBJECT_CONVERSION = YES_AGGRESSIVE;
				CLANG_CXX_LANGUAGE_STANDARD = "gnu++14";
				CLANG_CXX_LIBRARY = "libc++";
				CLANG_ENABLE_MODULES = YES;
				CLANG_ENABLE_OBJC_ARC = YES;
				CLANG_ENABLE_OBJC_WEAK = YES;
				CLANG_WARN_BLOCK_CAPTURE_AUTORELEASING = YES;
				CLANG_WARN_BOOL_CONVERSION = YES;
				CLANG_WARN_COMMA = YES;
				CLANG_WARN_CONSTANT_CONVERSION = YES;
				CLANG_WARN_DEPRECATED_OBJC_IMPLEMENTATIONS = YES;
				CLANG_WARN_DIRECT_OBJC_ISA_USAGE = YES_ERROR;
				CLANG_WARN_DOCUMENTATION_COMMENTS = YES;
				CLANG_WARN_EMPTY_BODY = YES;
				CLANG_WARN_ENUM_CONVERSION = YES;
				CLANG_WARN_INFINITE_RECURSION = YES;
				CLANG_WARN_INT_CONVERSION = YES;
				CLANG_WARN_NON_LITERAL_NULL_CONVERSION = YES;
				CLANG_WARN_OBJC_IMPLICIT_RETAIN_SELF = YES;
				CLANG_WARN_OBJC_LITERAL_CONVERSION = YES;
				CLANG_WARN_OBJC_ROOT_CLASS = YES_ERROR;
				CLANG_WARN_RANGE_LOOP_ANALYSIS = YES;
				CLANG_WARN_STRICT_PROTOTYPES = YES;
				CLANG_WARN_SUSPICIOUS_MOVE = YES;
				CLANG_WARN_UNGUARDED_AVAILABILITY = YES_AGGRESSIVE;
				CLANG_WARN_UNREACHABLE_CODE = YES;
				CLANG_WARN__DUPLICATE_METHOD_MATCH = YES;
				CODE_SIGN_IDENTITY = "iPhone Developer";
				COPY_PHASE_STRIP = NO;
				DEBUG_INFORMATION_FORMAT = "dwarf-with-dsym";
				ENABLE_NS_ASSERTIONS = NO;
				ENABLE_STRICT_OBJC_MSGSEND = YES;
				GCC_C_LANGUAGE_STANDARD = gnu11;
				GCC_NO_COMMON_BLOCKS = YES;
				GCC_WARN_64_TO_32_BIT_CONVERSION = YES;
				GCC_WARN_ABOUT_RETURN_TYPE = YES_ERROR;
				GCC_WARN_UNDECLARED_SELECTOR = YES;
				GCC_WARN_UNINITIALIZED_AUTOS = YES_AGGRESSIVE;
				GCC_WARN_UNUSED_FUNCTION = YES;
				GCC_WARN_UNUSED_VARIABLE = YES;
				IPHONEOS_DEPLOYMENT_TARGET = 11.3;
				MTL_ENABLE_DEBUG_INFO = NO;
				SDKROOT = iphoneos;
				SWIFT_COMPILATION_MODE = wholemodule;
				SWIFT_OPTIMIZATION_LEVEL = "-O";
				VALIDATE_PRODUCT = YES;
			};
			name = Release;
		};
		27B616FB20E7CC0200AC52F5 /* Debug */ = {
			isa = XCBuildConfiguration;
			baseConfigurationReference = F83D0D880A924ED93622D7E5 /* Pods-Jurasperle.debug.xcconfig */;
			buildSettings = {
				ASSETCATALOG_COMPILER_APPICON_NAME = AppIcon;
				CODE_SIGN_STYLE = Automatic;
				INFOPLIST_FILE = Jurasperle/Info.plist;
				IPHONEOS_DEPLOYMENT_TARGET = 9.0;
				LD_RUNPATH_SEARCH_PATHS = (
					"$(inherited)",
					"@executable_path/Frameworks",
				);
				PRODUCT_BUNDLE_IDENTIFIER = humanz.Jurasperle;
				PRODUCT_NAME = "$(TARGET_NAME)";
				SWIFT_VERSION = 4.0;
				TARGETED_DEVICE_FAMILY = 1;
			};
			name = Debug;
		};
		27B616FC20E7CC0200AC52F5 /* Release */ = {
			isa = XCBuildConfiguration;
			baseConfigurationReference = 27A887AADC22E96AA7531C90 /* Pods-Jurasperle.release.xcconfig */;
			buildSettings = {
				ASSETCATALOG_COMPILER_APPICON_NAME = AppIcon;
				CODE_SIGN_STYLE = Automatic;
				INFOPLIST_FILE = Jurasperle/Info.plist;
				IPHONEOS_DEPLOYMENT_TARGET = 9.0;
				LD_RUNPATH_SEARCH_PATHS = (
					"$(inherited)",
					"@executable_path/Frameworks",
				);
				PRODUCT_BUNDLE_IDENTIFIER = humanz.Jurasperle;
				PRODUCT_NAME = "$(TARGET_NAME)";
				SWIFT_VERSION = 4.0;
				TARGETED_DEVICE_FAMILY = 1;
			};
			name = Release;
		};
/* End XCBuildConfiguration section */

/* Begin XCConfigurationList section */
		27B616E320E7CC0000AC52F5 /* Build configuration list for PBXProject "Jurasperle" */ = {
			isa = XCConfigurationList;
			buildConfigurations = (
				27B616F820E7CC0200AC52F5 /* Debug */,
				27B616F920E7CC0200AC52F5 /* Release */,
			);
			defaultConfigurationIsVisible = 0;
			defaultConfigurationName = Release;
		};
		27B616FA20E7CC0200AC52F5 /* Build configuration list for PBXNativeTarget "Jurasperle" */ = {
			isa = XCConfigurationList;
			buildConfigurations = (
				27B616FB20E7CC0200AC52F5 /* Debug */,
				27B616FC20E7CC0200AC52F5 /* Release */,
			);
			defaultConfigurationIsVisible = 0;
			defaultConfigurationName = Release;
		};
/* End XCConfigurationList section */
	};
	rootObject = 27B616E020E7CC0000AC52F5 /* Project object */;
}
